
Microsoft Visual Studio Solution File, Format Version 12.00
# Visual Studio Version 16
VisualStudioVersion = 16.0.30309.148
MinimumVisualStudioVersion = 10.0.40219.1
Project("{FAE04EC0-301F-11D3-BF4B-00C04F79EFBC}") = "invision_whitelist", "invision_whitelist.csproj", "{69183252-5A6C-4A6A-91C3-E9D8E2BB5FE1}"
EndProject
Global
	GlobalSection(SolutionConfigurationPlatforms) = preSolution
		Debug|Any CPU = Debug|Any CPU
		Release|Any CPU = Release|Any CPU
	EndGlobalSection
	GlobalSection(ProjectConfigurationPlatforms) = postSolution
		{69183252-5A6C-4A6A-91C3-E9D8E2BB5FE1}.Debug|Any CPU.ActiveCfg = Debug|Any CPU
		{69183252-5A6C-4A6A-91C3-E9D8E2BB5FE1}.Debug|Any CPU.Build.0 = Debug|Any CPU
		{69183252-5A6C-4A6A-91C3-E9D8E2BB5FE1}.Release|Any CPU.ActiveCfg = Release|Any CPU
		{69183252-5A6C-4A6A-91C3-E9D8E2BB5FE1}.Release|Any CPU.Build.0 = Release|Any CPU
	EndGlobalSection
	GlobalSection(SolutionProperties) = preSolution
		HideSolutionNode = FALSE
	EndGlobalSection
	GlobalSection(ExtensibilityGlobals) = postSolution
		SolutionGuid = {8B7467EC-57D4-4BE7-81DA-D8846396759C}
	EndGlobalSection
EndGlobal
